# This file is automatically @generated by Cargo.
# It is not intended for manual editing.
version = 4

[[package]]
name = "common"
version = "0.1.0"

[[package]]
name = "day_4_part_1"
version = "0.1.0"
dependencies = [
 "common",
]

[[package]]
name = "day_4_part_2"
version = "0.1.0"
dependencies = [
 "common",
]
